<?xml version="1.0" encoding="utf-8"?>
<Project ToolsVersion="4.0" xmlns="http://schemas.microsoft.com/developer/msbuild/2003">
  <ItemGroup>
    <Filter Include="Source Files">
      <UniqueIdentifier>{4FC737F1-C7A5-4376-A066-2A32D752A2FF}</UniqueIdentifier>
      <Extensions>cpp;c;cc;cxx;def;odl;idl;hpj;bat;asm;asmx</Extensions>
    </Filter>
    <Filter Include="Header Files">
      <UniqueIdentifier>{93995380-89BD-4b04-88EB-625FBE52EBFB}</UniqueIdentifier>
      <Extensions>h;hh;hpp;hxx;hm;inl;inc;ipp;xsd</Extensions>
    </Filter>
    <Filter Include="Resource Files">
      <UniqueIdentifier>{67DA6AB6-F800-4c08-8B7A-83BB121AAD01}</UniqueIdentifier>
      <Extensions>rc;ico;cur;bmp;dlg;rc2;rct;bin;rgs;gif;jpg;jpeg;jpe;resx;tiff;tif;png;wav;mfcribbon-ms</Extensions>
    </Filter>
  </ItemGroup>
  <ItemGroup>
    <ClCompile Include="src\demo1.cpp">
      <Filter>Source Files</Filter>
    </ClCompile>
    <ClCompile Include="src\demo2.cpp">
      <Filter>Source Files</Filter>
    </ClCompile>
    <ClCompile Include="src\Tut1_2.cpp">
      <Filter>Source Files</Filter>
    </ClCompile>
    <ClCompile Include="src\QUOCKY.cpp">
      <Filter>Source Files</Filter>
    </ClCompile>
    <ClCompile Include="src\Tutorial.cpp">
      <Filter>Source Files</Filter>
    </ClCompile>
    <ClCompile Include="src\Renderer.cpp">
      <Filter>Source Files</Filter>
    </ClCompile>
    <ClCompile Include="src\MouseMovement.cpp">
      <Filter>Source Files</Filter>
    </ClCompile>
    <ClCompile Include="src\Polyline_GL.cpp">
      <Filter>Source Files</Filter>
    </ClCompile>
    <ClCompile Include="src\Sierpinski_Gasket.cpp">
      <Filter>Source Files</Filter>
    </ClCompile>
    <ClCompile Include="src\Triangle_illusion.cpp">
      <Filter>Source Files</Filter>
    </ClCompile>
    <ClCompile Include="src\Orbit.cpp">
      <Filter>Source Files</Filter>
    </ClCompile>
    <ClCompile Include="src\Colorful.cpp">
      <Filter>Source Files</Filter>
    </ClCompile>
    <ClCompile Include="src\Recur_2D_Sierpinski.cpp">
      <Filter>Source Files</Filter>
    </ClCompile>
    <ClCompile Include="src\Recur_3D_Sierpinski.cpp">
      <Filter>Source Files</Filter>
    </ClCompile>
    <ClCompile Include="src\drawCube.cpp">
      <Filter>Source Files</Filter>
    </ClCompile>
    <ClCompile Include="src\GLUT_DEPTH_TEAPOT.cpp">
      <Filter>Source Files</Filter>
    </ClCompile>
    <ClCompile Include="src\ModelingSphere.cpp">
      <Filter>Source Files</Filter>
    </ClCompile>
    <ClCompile Include="src\ModelingSphere_v2.cpp">
      <Filter>Source Files</Filter>
    </ClCompile>
    <ClCompile Include="src\CullFace.cpp">
      <Filter>Source Files</Filter>
    </ClCompile>
    <ClCompile Include="src\Abstracting_3D.cpp">
      <Filter>Source Files</Filter>
    </ClCompile>
    <ClCompile Include="src\Class_Struct\Mesh.cpp">
      <Filter>Source Files</Filter>
    </ClCompile>
    <ClCompile Include="src\Class_Struct\Point3D.cpp">
      <Filter>Source Files</Filter>
    </ClCompile>
    <ClCompile Include="src\Class_Struct\VertexID.cpp">
      <Filter>Source Files</Filter>
    </ClCompile>
    <ClCompile Include="src\Class_Struct\Face.cpp">
      <Filter>Source Files</Filter>
    </ClCompile>
    <ClCompile Include="src\Build_In\Build_in.cpp">
      <Filter>Source Files</Filter>
    </ClCompile>
    <ClCompile Include="C4_MouseClick.cpp">
      <Filter>Source Files</Filter>
    </ClCompile>
    <ClCompile Include="C4_Reshape.cpp">
      <Filter>Source Files</Filter>
    </ClCompile>
    <ClCompile Include="C4_Idle.cpp">
      <Filter>Source Files</Filter>
    </ClCompile>
    <ClCompile Include="test.cpp">
      <Filter>Source Files</Filter>
    </ClCompile>
    <ClCompile Include="L1_TurtleGraphic.cpp">
      <Filter>Source Files</Filter>
    </ClCompile>
    <ClCompile Include="Snow.cpp">
      <Filter>Source Files</Filter>
    </ClCompile>
    <ClCompile Include="C5_Ellipse.cpp">
      <Filter>Source Files</Filter>
    </ClCompile>
    <ClCompile Include="C5_3DCurves.cpp">
      <Filter>Source Files</Filter>
    </ClCompile>
    <ClCompile Include="C5_ParametricForm.cpp">
      <Filter>Source Files</Filter>
    </ClCompile>
    <ClCompile Include="C6_intro.cpp">
      <Filter>Source Files</Filter>
    </ClCompile>
    <ClCompile Include="L2_LogoBK.cpp">
      <Filter>Source Files</Filter>
    </ClCompile>
    <ClCompile Include="L3_buble.cpp">
      <Filter>Source Files</Filter>
    </ClCompile>
    <ClCompile Include="L3_Arrow.cpp">
      <Filter>Source Files</Filter>
    </ClCompile>
    <ClCompile Include="C6_H_rotate.cpp">
      <Filter>Source Files</Filter>
    </ClCompile>
    <ClCompile Include="C6_glloadmatrix_SHEAR.cpp">
      <Filter>Source Files</Filter>
    </ClCompile>
    <ClCompile Include="C6_glMulmatrixf_shear.cpp">
      <Filter>Source Files</Filter>
    </ClCompile>
    <ClCompile Include="L4_Intersection.cpp">
      <Filter>Source Files</Filter>
    </ClCompile>
    <ClCompile Include="L4_ExCircle.cpp">
      <Filter>Source Files</Filter>
    </ClCompile>
    <ClCompile Include="L5_01.cpp">
      <Filter>Source Files</Filter>
    </ClCompile>
    <ClCompile Include="L5_01b.cpp">
      <Filter>Source Files</Filter>
    </ClCompile>
    <ClCompile Include="L5_02.cpp">
      <Filter>Source Files</Filter>
    </ClCompile>
    <ClCompile Include="L5_03.cpp">
      <Filter>Source Files</Filter>
    </ClCompile>
  </ItemGroup>
  <ItemGroup>
    <ClInclude Include="src\Renderer.h">
      <Filter>Header Files</Filter>
    </ClInclude>
    <ClInclude Include="src\Class_Struct\Point3D.h">
      <Filter>Header Files</Filter>
    </ClInclude>
    <ClInclude Include="src\Class_Struct\Mesh.h">
      <Filter>Header Files</Filter>
    </ClInclude>
    <ClInclude Include="src\Class_Struct\VertexID.h">
      <Filter>Header Files</Filter>
    </ClInclude>
    <ClInclude Include="src\Class_Struct\Face.h">
      <Filter>Header Files</Filter>
    </ClInclude>
  </ItemGroup>
</Project>